
Microsoft Visual Studio Solution File, Format Version 12.00
# Visual Studio Version 16
VisualStudioVersion = 16.0.31005.135
MinimumVisualStudioVersion = 10.0.40219.1
Project("{9A19103F-16F7-4668-BE54-9A1E7A4F7556}") = "Bifrost.ClientAPI", "Bifrost\Bifrost.ClientApi\Bifrost.ClientAPI.csproj", "{375CB493-70DD-43DF-912E-6C79991E8479}"
EndProject
Project("{9A19103F-16F7-4668-BE54-9A1E7A4F7556}") = "Bifrost.Connector.SqlDatabase", "Bifrost\Bifrost.Connector.SqlDatabase\Bifrost.Connector.SqlDatabase.csproj", "{EE239591-B5DE-4DFE-88FB-7962B974A274}"
EndProject
Project("{9A19103F-16F7-4668-BE54-9A1E7A4F7556}") = "Bifrost.Connector.Web", "Bifrost\Bifrost.Connector.Web\Bifrost.Connector.Web.csproj", "{12B0D70C-1CF0-4C51-A6A4-A7F8C66435EC}"
EndProject
Project("{9A19103F-16F7-4668-BE54-9A1E7A4F7556}") = "Bifrost.Core", "Bifrost\Bifrost.Core\Bifrost.Core.csproj", "{2EBEA104-F3AE-4DAE-B26D-69C6B32CC07B}"
EndProject
Project("{9A19103F-16F7-4668-BE54-9A1E7A4F7556}") = "Bifrost.Data.Sql", "Bifrost\Bifrost.Data.Sql\Bifrost.Data.Sql.csproj", "{1BF7FE94-8EA7-4FB4-A372-20ED4850AFD8}"
EndProject
Project("{9A19103F-16F7-4668-BE54-9A1E7A4F7556}") = "Bifrost.Dto", "Bifrost\Bifrost.Dto\Bifrost.Dto.csproj", "{687E60EA-13CC-4DFC-9AE6-916A15218D45}"
EndProject
Project("{9A19103F-16F7-4668-BE54-9A1E7A4F7556}") = "Bifrost.Integration.Hades", "Bifrost\Bifrost.Integration.Hades\Bifrost.Integration.Hades.csproj", "{E0DA6592-B333-41B2-B927-DC11FB65D695}"
EndProject
Project("{9A19103F-16F7-4668-BE54-9A1E7A4F7556}") = "Bifrost.Integration.Solr", "Bifrost\Bifrost.Integration.Solr\Bifrost.Integration.Solr.csproj", "{8CE84C3C-67D9-4B87-ACDF-A91BA75501DB}"
EndProject
Project("{9A19103F-16F7-4668-BE54-9A1E7A4F7556}") = "Bifrost.IntegrationTests", "Bifrost\Bifrost.IntegrationTests\Bifrost.IntegrationTests.csproj", "{55E5ED79-F762-409D-B8A1-D33AE91DB1C5}"
EndProject
Project("{9A19103F-16F7-4668-BE54-9A1E7A4F7556}") = "Bifrost.JobsRunner", "Bifrost\Bifrost.JobsRunner\Bifrost.JobsRunner.csproj", "{34FBDEA3-E57B-489C-B893-05F48ED4D8D6}"
EndProject
Project("{9A19103F-16F7-4668-BE54-9A1E7A4F7556}") = "Bifrost.Processing.CsScript", "Bifrost\Bifrost.Processing.CsScript\Bifrost.Processing.CsScript.csproj", "{D8408F87-D70B-47EB-8B04-DA30F6F71C88}"
EndProject
Project("{9A19103F-16F7-4668-BE54-9A1E7A4F7556}") = "Bifrost.QuartzIntegration", "Bifrost\Bifrost.QuartzIntegration\Bifrost.QuartzIntegration.csproj", "{B8C3E48C-41BE-4F5B-9431-2E1031C101BB}"
EndProject
Project("{9A19103F-16F7-4668-BE54-9A1E7A4F7556}") = "Bifrost.RestClient", "Bifrost\Bifrost.RestClient\Bifrost.RestClient.csproj", "{A07C50FC-E5D3-420F-99FA-6D0291CFF159}"
EndProject
Project("{2150E333-8FDC-42A3-9474-1A3956D46DE8}") = "_Common", "_Common", "{FBF1F325-1346-4253-91E7-948963F4B791}"
EndProject
Project("{9A19103F-16F7-4668-BE54-9A1E7A4F7556}") = "Common.ApplicationServices.Roslyn", "Common\Common.ApplicationServices.Roslyn\Common.ApplicationServices.Roslyn.csproj", "{DCB3DF2B-4728-407C-A5F1-FD65CE2C8E9C}"
EndProject
Project("{9A19103F-16F7-4668-BE54-9A1E7A4F7556}") = "Common.ApplicationServices.Sql", "Common\Common.ApplicationServices.Sql\Common.ApplicationServices.Sql.csproj", "{D9DE15FD-DFD0-4462-99D1-8F089533192F}"
EndProject
Project("{9A19103F-16F7-4668-BE54-9A1E7A4F7556}") = "Common.ApplicationServices.Tika", "Common\Common.ApplicationServices.Tika\Common.ApplicationServices.Tika.csproj", "{8CC096ED-7EB3-4B95-95DB-7B85C2E3A845}"
EndProject
Project("{9A19103F-16F7-4668-BE54-9A1E7A4F7556}") = "Common.Core", "Common\Common.Core\Common.Core.csproj", "{4466A8E2-55AA-4464-ACD4-288177EBCBAF}"
EndProject
Project("{9A19103F-16F7-4668-BE54-9A1E7A4F7556}") = "Common.IntegrationTests", "Common\Common.IntegrationTests\Common.IntegrationTests.csproj", "{09420037-6A86-4862-9D94-0821623BB54D}"
EndProject
Project("{9A19103F-16F7-4668-BE54-9A1E7A4F7556}") = "Common.QuartzIntegration", "Common\Common.QuartzIntegration\Common.QuartzIntegration.csproj", "{F36B243A-63E7-4117-B612-8DE756E5F441}"
EndProject
Project("{9A19103F-16F7-4668-BE54-9A1E7A4F7556}") = "Common.Tests", "Common\Common.Tests\Common.Tests.csproj", "{6813CD45-FE77-4534-A58A-640F952AFDFE}"
EndProject
Project("{2150E333-8FDC-42A3-9474-1A3956D46DE8}") = "Tests", "Tests", "{163AE806-950B-4D47-87DF-C7C2A0D505A8}"
EndProject
Project("{2150E333-8FDC-42A3-9474-1A3956D46DE8}") = "Integrations", "Integrations", "{0BEEAD0A-590C-4FE9-AAE1-91270DA3483E}"
EndProject
Project("{2150E333-8FDC-42A3-9474-1A3956D46DE8}") = "Connectors", "Connectors", "{3E88B21B-2D38-4A8C-A229-D5CDD67D7352}"
EndProject
Project("{2150E333-8FDC-42A3-9474-1A3956D46DE8}") = "Data", "Data", "{CA822EC0-D6E4-4A7B-BFD6-EC7A97B9590D}"
EndProject
Project("{2150E333-8FDC-42A3-9474-1A3956D46DE8}") = "Core", "Core", "{71308919-D20A-4598-8FE7-2091E4009BD4}"
EndProject
Project("{2150E333-8FDC-42A3-9474-1A3956D46DE8}") = "Api", "Api", "{1BDDE66C-A6C2-46F9-9B6C-89A29198D28F}"
EndProject
Project("{2150E333-8FDC-42A3-9474-1A3956D46DE8}") = "Executables", "Executables", "{58FC6766-DDB6-4515-AD61-BBA223BA20B2}"
EndProject
Global
	GlobalSection(SolutionConfigurationPlatforms) = preSolution
		Debug|Any CPU = Debug|Any CPU
		Release|Any CPU = Release|Any CPU
	EndGlobalSection
	GlobalSection(ProjectConfigurationPlatforms) = postSolution
		{375CB493-70DD-43DF-912E-6C79991E8479}.Debug|Any CPU.ActiveCfg = Debug|Any CPU
		{375CB493-70DD-43DF-912E-6C79991E8479}.Debug|Any CPU.Build.0 = Debug|Any CPU
		{375CB493-70DD-43DF-912E-6C79991E8479}.Release|Any CPU.ActiveCfg = Release|Any CPU
		{375CB493-70DD-43DF-912E-6C79991E8479}.Release|Any CPU.Build.0 = Release|Any CPU
		{EE239591-B5DE-4DFE-88FB-7962B974A274}.Debug|Any CPU.ActiveCfg = Debug|Any CPU
		{EE239591-B5DE-4DFE-88FB-7962B974A274}.Debug|Any CPU.Build.0 = Debug|Any CPU
		{EE239591-B5DE-4DFE-88FB-7962B974A274}.Release|Any CPU.ActiveCfg = Release|Any CPU
		{EE239591-B5DE-4DFE-88FB-7962B974A274}.Release|Any CPU.Build.0 = Release|Any CPU
		{12B0D70C-1CF0-4C51-A6A4-A7F8C66435EC}.Debug|Any CPU.ActiveCfg = Debug|Any CPU
		{12B0D70C-1CF0-4C51-A6A4-A7F8C66435EC}.Debug|Any CPU.Build.0 = Debug|Any CPU
		{12B0D70C-1CF0-4C51-A6A4-A7F8C66435EC}.Release|Any CPU.ActiveCfg = Release|Any CPU
		{12B0D70C-1CF0-4C51-A6A4-A7F8C66435EC}.Release|Any CPU.Build.0 = Release|Any CPU
		{2EBEA104-F3AE-4DAE-B26D-69C6B32CC07B}.Debug|Any CPU.ActiveCfg = Debug|Any CPU
		{2EBEA104-F3AE-4DAE-B26D-69C6B32CC07B}.Debug|Any CPU.Build.0 = Debug|Any CPU
		{2EBEA104-F3AE-4DAE-B26D-69C6B32CC07B}.Release|Any CPU.ActiveCfg = Release|Any CPU
		{2EBEA104-F3AE-4DAE-B26D-69C6B32CC07B}.Release|Any CPU.Build.0 = Release|Any CPU
		{1BF7FE94-8EA7-4FB4-A372-20ED4850AFD8}.Debug|Any CPU.ActiveCfg = Debug|Any CPU
		{1BF7FE94-8EA7-4FB4-A372-20ED4850AFD8}.Debug|Any CPU.Build.0 = Debug|Any CPU
		{1BF7FE94-8EA7-4FB4-A372-20ED4850AFD8}.Release|Any CPU.ActiveCfg = Release|Any CPU
		{1BF7FE94-8EA7-4FB4-A372-20ED4850AFD8}.Release|Any CPU.Build.0 = Release|Any CPU
		{687E60EA-13CC-4DFC-9AE6-916A15218D45}.Debug|Any CPU.ActiveCfg = Debug|Any CPU
		{687E60EA-13CC-4DFC-9AE6-916A15218D45}.Debug|Any CPU.Build.0 = Debug|Any CPU
		{687E60EA-13CC-4DFC-9AE6-916A15218D45}.Release|Any CPU.ActiveCfg = Release|Any CPU
		{687E60EA-13CC-4DFC-9AE6-916A15218D45}.Release|Any CPU.Build.0 = Release|Any CPU
		{E0DA6592-B333-41B2-B927-DC11FB65D695}.Debug|Any CPU.ActiveCfg = Debug|Any CPU
		{E0DA6592-B333-41B2-B927-DC11FB65D695}.Debug|Any CPU.Build.0 = Debug|Any CPU
		{E0DA6592-B333-41B2-B927-DC11FB65D695}.Release|Any CPU.ActiveCfg = Release|Any CPU
		{E0DA6592-B333-41B2-B927-DC11FB65D695}.Release|Any CPU.Build.0 = Release|Any CPU
		{8CE84C3C-67D9-4B87-ACDF-A91BA75501DB}.Debug|Any CPU.ActiveCfg = Debug|Any CPU
		{8CE84C3C-67D9-4B87-ACDF-A91BA75501DB}.Debug|Any CPU.Build.0 = Debug|Any CPU
		{8CE84C3C-67D9-4B87-ACDF-A91BA75501DB}.Release|Any CPU.ActiveCfg = Release|Any CPU
		{8CE84C3C-67D9-4B87-ACDF-A91BA75501DB}.Release|Any CPU.Build.0 = Release|Any CPU
		{55E5ED79-F762-409D-B8A1-D33AE91DB1C5}.Debug|Any CPU.ActiveCfg = Debug|Any CPU
		{55E5ED79-F762-409D-B8A1-D33AE91DB1C5}.Debug|Any CPU.Build.0 = Debug|Any CPU
		{55E5ED79-F762-409D-B8A1-D33AE91DB1C5}.Release|Any CPU.ActiveCfg = Release|Any CPU
		{55E5ED79-F762-409D-B8A1-D33AE91DB1C5}.Release|Any CPU.Build.0 = Release|Any CPU
		{34FBDEA3-E57B-489C-B893-05F48ED4D8D6}.Debug|Any CPU.ActiveCfg = Debug|Any CPU
		{34FBDEA3-E57B-489C-B893-05F48ED4D8D6}.Debug|Any CPU.Build.0 = Debug|Any CPU
		{34FBDEA3-E57B-489C-B893-05F48ED4D8D6}.Release|Any CPU.ActiveCfg = Release|Any CPU
		{34FBDEA3-E57B-489C-B893-05F48ED4D8D6}.Release|Any CPU.Build.0 = Release|Any CPU
		{D8408F87-D70B-47EB-8B04-DA30F6F71C88}.Debug|Any CPU.ActiveCfg = Debug|Any CPU
		{D8408F87-D70B-47EB-8B04-DA30F6F71C88}.Debug|Any CPU.Build.0 = Debug|Any CPU
		{D8408F87-D70B-47EB-8B04-DA30F6F71C88}.Release|Any CPU.ActiveCfg = Release|Any CPU
		{D8408F87-D70B-47EB-8B04-DA30F6F71C88}.Release|Any CPU.Build.0 = Release|Any CPU
		{B8C3E48C-41BE-4F5B-9431-2E1031C101BB}.Debug|Any CPU.ActiveCfg = Debug|Any CPU
		{B8C3E48C-41BE-4F5B-9431-2E1031C101BB}.Debug|Any CPU.Build.0 = Debug|Any CPU
		{B8C3E48C-41BE-4F5B-9431-2E1031C101BB}.Release|Any CPU.ActiveCfg = Release|Any CPU
		{B8C3E48C-41BE-4F5B-9431-2E1031C101BB}.Release|Any CPU.Build.0 = Release|Any CPU
		{A07C50FC-E5D3-420F-99FA-6D0291CFF159}.Debug|Any CPU.ActiveCfg = Debug|Any CPU
		{A07C50FC-E5D3-420F-99FA-6D0291CFF159}.Debug|Any CPU.Build.0 = Debug|Any CPU
		{A07C50FC-E5D3-420F-99FA-6D0291CFF159}.Release|Any CPU.ActiveCfg = Release|Any CPU
		{A07C50FC-E5D3-420F-99FA-6D0291CFF159}.Release|Any CPU.Build.0 = Release|Any CPU
		{DCB3DF2B-4728-407C-A5F1-FD65CE2C8E9C}.Debug|Any CPU.ActiveCfg = Debug|Any CPU
		{DCB3DF2B-4728-407C-A5F1-FD65CE2C8E9C}.Debug|Any CPU.Build.0 = Debug|Any CPU
		{DCB3DF2B-4728-407C-A5F1-FD65CE2C8E9C}.Release|Any CPU.ActiveCfg = Release|Any CPU
		{DCB3DF2B-4728-407C-A5F1-FD65CE2C8E9C}.Release|Any CPU.Build.0 = Release|Any CPU
		{D9DE15FD-DFD0-4462-99D1-8F089533192F}.Debug|Any CPU.ActiveCfg = Debug|Any CPU
		{D9DE15FD-DFD0-4462-99D1-8F089533192F}.Debug|Any CPU.Build.0 = Debug|Any CPU
		{D9DE15FD-DFD0-4462-99D1-8F089533192F}.Release|Any CPU.ActiveCfg = Release|Any CPU
		{D9DE15FD-DFD0-4462-99D1-8F089533192F}.Release|Any CPU.Build.0 = Release|Any CPU
		{8CC096ED-7EB3-4B95-95DB-7B85C2E3A845}.Debug|Any CPU.ActiveCfg = Debug|Any CPU
		{8CC096ED-7EB3-4B95-95DB-7B85C2E3A845}.Debug|Any CPU.Build.0 = Debug|Any CPU
		{8CC096ED-7EB3-4B95-95DB-7B85C2E3A845}.Release|Any CPU.ActiveCfg = Release|Any CPU
		{8CC096ED-7EB3-4B95-95DB-7B85C2E3A845}.Release|Any CPU.Build.0 = Release|Any CPU
		{4466A8E2-55AA-4464-ACD4-288177EBCBAF}.Debug|Any CPU.ActiveCfg = Debug|Any CPU
		{4466A8E2-55AA-4464-ACD4-288177EBCBAF}.Debug|Any CPU.Build.0 = Debug|Any CPU
		{4466A8E2-55AA-4464-ACD4-288177EBCBAF}.Release|Any CPU.ActiveCfg = Release|Any CPU
		{4466A8E2-55AA-4464-ACD4-288177EBCBAF}.Release|Any CPU.Build.0 = Release|Any CPU
		{09420037-6A86-4862-9D94-0821623BB54D}.Debug|Any CPU.ActiveCfg = Debug|Any CPU
		{09420037-6A86-4862-9D94-0821623BB54D}.Debug|Any CPU.Build.0 = Debug|Any CPU
		{09420037-6A86-4862-9D94-0821623BB54D}.Release|Any CPU.ActiveCfg = Release|Any CPU
		{09420037-6A86-4862-9D94-0821623BB54D}.Release|Any CPU.Build.0 = Release|Any CPU
		{F36B243A-63E7-4117-B612-8DE756E5F441}.Debug|Any CPU.ActiveCfg = Debug|Any CPU
		{F36B243A-63E7-4117-B612-8DE756E5F441}.Debug|Any CPU.Build.0 = Debug|Any CPU
		{F36B243A-63E7-4117-B612-8DE756E5F441}.Release|Any CPU.ActiveCfg = Release|Any CPU
		{F36B243A-63E7-4117-B612-8DE756E5F441}.Release|Any CPU.Build.0 = Release|Any CPU
		{6813CD45-FE77-4534-A58A-640F952AFDFE}.Debug|Any CPU.ActiveCfg = Debug|Any CPU
		{6813CD45-FE77-4534-A58A-640F952AFDFE}.Debug|Any CPU.Build.0 = Debug|Any CPU
		{6813CD45-FE77-4534-A58A-640F952AFDFE}.Release|Any CPU.ActiveCfg = Release|Any CPU
		{6813CD45-FE77-4534-A58A-640F952AFDFE}.Release|Any CPU.Build.0 = Release|Any CPU
	EndGlobalSection
	GlobalSection(SolutionProperties) = preSolution
		HideSolutionNode = FALSE
	EndGlobalSection
	GlobalSection(NestedProjects) = preSolution
		{375CB493-70DD-43DF-912E-6C79991E8479} = {58FC6766-DDB6-4515-AD61-BBA223BA20B2}
		{EE239591-B5DE-4DFE-88FB-7962B974A274} = {3E88B21B-2D38-4A8C-A229-D5CDD67D7352}
		{12B0D70C-1CF0-4C51-A6A4-A7F8C66435EC} = {3E88B21B-2D38-4A8C-A229-D5CDD67D7352}
		{2EBEA104-F3AE-4DAE-B26D-69C6B32CC07B} = {71308919-D20A-4598-8FE7-2091E4009BD4}
		{1BF7FE94-8EA7-4FB4-A372-20ED4850AFD8} = {CA822EC0-D6E4-4A7B-BFD6-EC7A97B9590D}
		{687E60EA-13CC-4DFC-9AE6-916A15218D45} = {1BDDE66C-A6C2-46F9-9B6C-89A29198D28F}
		{E0DA6592-B333-41B2-B927-DC11FB65D695} = {0BEEAD0A-590C-4FE9-AAE1-91270DA3483E}
		{8CE84C3C-67D9-4B87-ACDF-A91BA75501DB} = {0BEEAD0A-590C-4FE9-AAE1-91270DA3483E}
		{55E5ED79-F762-409D-B8A1-D33AE91DB1C5} = {163AE806-950B-4D47-87DF-C7C2A0D505A8}
		{34FBDEA3-E57B-489C-B893-05F48ED4D8D6} = {58FC6766-DDB6-4515-AD61-BBA223BA20B2}
		{D8408F87-D70B-47EB-8B04-DA30F6F71C88} = {71308919-D20A-4598-8FE7-2091E4009BD4}
		{B8C3E48C-41BE-4F5B-9431-2E1031C101BB} = {71308919-D20A-4598-8FE7-2091E4009BD4}
		{A07C50FC-E5D3-420F-99FA-6D0291CFF159} = {1BDDE66C-A6C2-46F9-9B6C-89A29198D28F}
		{DCB3DF2B-4728-407C-A5F1-FD65CE2C8E9C} = {FBF1F325-1346-4253-91E7-948963F4B791}
		{D9DE15FD-DFD0-4462-99D1-8F089533192F} = {FBF1F325-1346-4253-91E7-948963F4B791}
		{8CC096ED-7EB3-4B95-95DB-7B85C2E3A845} = {FBF1F325-1346-4253-91E7-948963F4B791}
		{4466A8E2-55AA-4464-ACD4-288177EBCBAF} = {FBF1F325-1346-4253-91E7-948963F4B791}
		{09420037-6A86-4862-9D94-0821623BB54D} = {FBF1F325-1346-4253-91E7-948963F4B791}
		{F36B243A-63E7-4117-B612-8DE756E5F441} = {FBF1F325-1346-4253-91E7-948963F4B791}
		{6813CD45-FE77-4534-A58A-640F952AFDFE} = {FBF1F325-1346-4253-91E7-948963F4B791}
	EndGlobalSection
	GlobalSection(ExtensibilityGlobals) = postSolution
		SolutionGuid = {0ABBB56A-BB70-48D3-BDEC-22F50071E6DF}
	EndGlobalSection
EndGlobal
